
Microsoft Visual Studio Solution File, Format Version 12.00
Project("{FAE04EC0-301F-11D3-BF4B-00C04F79EFBC}") = "TelegramClownBot", "TelegramClownBot\TelegramClownBot.csproj", "{0C7445E4-49FF-405D-A110-72762B4C2A56}"
EndProject
Global
	GlobalSection(SolutionConfigurationPlatforms) = preSolution
		Debug|Any CPU = Debug|Any CPU
		Release|Any CPU = Release|Any CPU
	EndGlobalSection
	GlobalSection(ProjectConfigurationPlatforms) = postSolution
		{0C7445E4-49FF-405D-A110-72762B4C2A56}.Debug|Any CPU.ActiveCfg = Debug|Any CPU
		{0C7445E4-49FF-405D-A110-72762B4C2A56}.Debug|Any CPU.Build.0 = Debug|Any CPU
		{0C7445E4-49FF-405D-A110-72762B4C2A56}.Release|Any CPU.ActiveCfg = Release|Any CPU
		{0C7445E4-49FF-405D-A110-72762B4C2A56}.Release|Any CPU.Build.0 = Release|Any CPU
	EndGlobalSection
EndGlobal
